
Microsoft Visual Studio Solution File, Format Version 12.00
# Visual Studio Version 17
VisualStudioVersion = 17.5.002.0
MinimumVisualStudioVersion = 10.0.40219.1
Project("{9A19103F-16F7-4668-BE54-9A1E7A4F7556}") = "BlazingPizza", "BlazingPizza\BlazingPizza.csproj", "{76423DB9-E98C-4D99-B69C-53B48F5000DF}"
EndProject
Global
	GlobalSection(SolutionConfigurationPlatforms) = preSolution
		Debug|Any CPU = Debug|Any CPU
		Release|Any CPU = Release|Any CPU
	EndGlobalSection
	GlobalSection(ProjectConfigurationPlatforms) = postSolution
		{76423DB9-E98C-4D99-B69C-53B48F5000DF}.Debug|Any CPU.ActiveCfg = Debug|Any CPU
		{76423DB9-E98C-4D99-B69C-53B48F5000DF}.Debug|Any CPU.Build.0 = Debug|Any CPU
		{76423DB9-E98C-4D99-B69C-53B48F5000DF}.Release|Any CPU.ActiveCfg = Release|Any CPU
		{76423DB9-E98C-4D99-B69C-53B48F5000DF}.Release|Any CPU.Build.0 = Release|Any CPU
	EndGlobalSection
	GlobalSection(SolutionProperties) = preSolution
		HideSolutionNode = FALSE
	EndGlobalSection
	GlobalSection(ExtensibilityGlobals) = postSolution
		SolutionGuid = {D66F966B-2A09-4924-A166-FE94FFF2EE87}
	EndGlobalSection
EndGlobal
